{
  "lockfile_version": "1",
  "packages": {
    "direnv": {
      "resolved": "github:NixOS/nixpkgs/36226520e9f7a35bf341cbe3b6a1ff9047bec6d9?narHash=sha256-%2B4A1SFln9wOCoUZM0mQfKefP1uRVmjz6bV5SPbl1Q%2F4%3D#direnv",
      "source": "nixpkg",
      "systems": {
        "x86_64-linux": {
          "outputs": [
            {
              "path": "/nix/store/jrbkdan7rlzm91zq80x2jkymbipc35zp-direnv-2.37.1",
              "default": true
            }
          ]
        }
      }
    },
    "github:NixOS/nixpkgs/nixpkgs-unstable": {
      "last_modified": "2025-10-18T10:07:23Z",
      "resolved": "github:NixOS/nixpkgs/36226520e9f7a35bf341cbe3b6a1ff9047bec6d9?lastModified=1760782043&narHash=sha256-%2B4A1SFln9wOCoUZM0mQfKefP1uRVmjz6bV5SPbl1Q%2F4%3D"
    },
    "just": {
      "resolved": "github:NixOS/nixpkgs/36226520e9f7a35bf341cbe3b6a1ff9047bec6d9?narHash=sha256-%2B4A1SFln9wOCoUZM0mQfKefP1uRVmjz6bV5SPbl1Q%2F4%3D#just",
      "source": "nixpkg",
      "systems": {
        "x86_64-linux": {
          "outputs": [
            {
              "name": "man",
              "path": "/nix/store/zj6zgaqa4jr27g13z92dfbm927mgigys-just-1.43.0-man",
              "default": true
            },
            {
              "path": "/nix/store/g8lpgqmha8v0vqypvrm5y2w09ydwdcwp-just-1.43.0",
              "default": true
            }
          ]
        }
      }
    },
    "mise": {
      "resolved": "github:NixOS/nixpkgs/36226520e9f7a35bf341cbe3b6a1ff9047bec6d9?narHash=sha256-%2B4A1SFln9wOCoUZM0mQfKefP1uRVmjz6bV5SPbl1Q%2F4%3D#mise",
      "source": "nixpkg",
      "systems": {
        "x86_64-linux": {
          "outputs": [
            {
              "path": "/nix/store/8wfs2pzf0hra5kplb8snw8vkxdyzryqd-mise-2025.9.10",
              "default": true
            }
          ]
        }
      }
    },
    "nodejs@20": {
      "last_modified": "2025-10-07T08:41:47Z",
      "plugin_version": "0.0.2",
      "resolved": "github:NixOS/nixpkgs/bce5fe2bb998488d8e7e7856315f90496723793c#nodejs_20",
      "source": "devbox-search",
      "version": "20.19.5",
      "systems": {
        "aarch64-darwin": {
          "outputs": [
            {
              "name": "out",
              "path": "/nix/store/k1wbwbv4ay5p0dfkmm2qz3chg3c23f42-nodejs-20.19.5",
              "default": true
            },
            {
              "name": "dev",
              "path": "/nix/store/lipks8i2dw4s81wyaqlahdf19pfgqks7-nodejs-20.19.5-dev"
            },
            {
              "name": "libv8",
              "path": "/nix/store/1hx50j9n60cm0kazmj9n0gj7wzp6is0m-nodejs-20.19.5-libv8"
            }
          ],
          "store_path": "/nix/store/k1wbwbv4ay5p0dfkmm2qz3chg3c23f42-nodejs-20.19.5"
        },
        "aarch64-linux": {
          "outputs": [
            {
              "name": "out",
              "path": "/nix/store/cyqv11dn93ybhrksrphwrmak1l5199ga-nodejs-20.19.5",
              "default": true
            },
            {
              "name": "dev",
              "path": "/nix/store/qicgj03jm0hxyhk799v7wql8jf8swin4-nodejs-20.19.5-dev"
            },
            {
              "name": "libv8",
              "path": "/nix/store/61yf0n966mcbyprv9qwrs29y5isvdpk9-nodejs-20.19.5-libv8"
            }
          ],
          "store_path": "/nix/store/cyqv11dn93ybhrksrphwrmak1l5199ga-nodejs-20.19.5"
        },
        "x86_64-darwin": {
          "outputs": [
            {
              "name": "out",
              "path": "/nix/store/yqhgrynw5hgj1nclvf40h8iw0dy1d6yl-nodejs-20.19.5",
              "default": true
            },
            {
              "name": "dev",
              "path": "/nix/store/v92hpgd2fvmi0j87yjglm95cjygpsglk-nodejs-20.19.5-dev"
            },
            {
              "name": "libv8",
              "path": "/nix/store/080z17knsc75fl1y1lfh1fn4l8pk3pf6-nodejs-20.19.5-libv8"
            }
          ],
          "store_path": "/nix/store/yqhgrynw5hgj1nclvf40h8iw0dy1d6yl-nodejs-20.19.5"
        },
        "x86_64-linux": {
          "outputs": [
            {
              "name": "out",
              "path": "/nix/store/f3bhgnrwww6xcb2blbj6z2yif0ix8k3b-nodejs-20.19.5",
              "default": true
            },
            {
              "name": "dev",
              "path": "/nix/store/ky96wwga1a7h2djxngahmkzxclxi3rx1-nodejs-20.19.5-dev"
            },
            {
              "name": "libv8",
              "path": "/nix/store/4mw2pz4p0lhk6p7y6wc0nl7syz94i1r0-nodejs-20.19.5-libv8"
            }
          ],
          "store_path": "/nix/store/f3bhgnrwww6xcb2blbj6z2yif0ix8k3b-nodejs-20.19.5"
        }
      }
    },
    "pnpm": {
      "resolved": "github:NixOS/nixpkgs/36226520e9f7a35bf341cbe3b6a1ff9047bec6d9?narHash=sha256-%2B4A1SFln9wOCoUZM0mQfKefP1uRVmjz6bV5SPbl1Q%2F4%3D#pnpm",
      "source": "nixpkg",
      "systems": {
        "x86_64-linux": {
          "outputs": [
            {
              "path": "/nix/store/xrwlv0jjy2whjn74a0s0mk6a42nkqfaz-pnpm-10.18.3",
              "default": true
            }
          ]
        }
      }
    },
    "rustup": {
      "plugin_version": "0.0.1",
      "resolved": "github:NixOS/nixpkgs/36226520e9f7a35bf341cbe3b6a1ff9047bec6d9?narHash=sha256-%2B4A1SFln9wOCoUZM0mQfKefP1uRVmjz6bV5SPbl1Q%2F4%3D#rustup",
      "source": "nixpkg",
      "systems": {
        "x86_64-linux": {
          "outputs": [
            {
              "path": "/nix/store/x79fgd51264ssqjcv39hd4g9cd4j0s63-rustup-1.28.2",
              "default": true
            }
          ]
        }
      }
    },
    "sops": {
      "resolved": "github:NixOS/nixpkgs/36226520e9f7a35bf341cbe3b6a1ff9047bec6d9?narHash=sha256-%2B4A1SFln9wOCoUZM0mQfKefP1uRVmjz6bV5SPbl1Q%2F4%3D#sops",
      "source": "nixpkg",
      "systems": {
        "x86_64-linux": {
          "outputs": [
            {
              "path": "/nix/store/0l8a8crgcjck8yj6f4xg8jma0a9bhdr9-sops-3.11.0",
              "default": true
            }
          ]
        }
      }
    },
    "uv": {
      "resolved": "github:NixOS/nixpkgs/36226520e9f7a35bf341cbe3b6a1ff9047bec6d9?narHash=sha256-%2B4A1SFln9wOCoUZM0mQfKefP1uRVmjz6bV5SPbl1Q%2F4%3D#uv",
      "source": "nixpkg",
      "systems": {
        "x86_64-linux": {
          "outputs": [
            {
              "path": "/nix/store/jiwzxayklgiacpgj0fivzk7abp7gm6bm-uv-0.8.19",
              "default": true
            }
          ]
        }
      }
    },
    "vector": {
      "resolved": "github:NixOS/nixpkgs/36226520e9f7a35bf341cbe3b6a1ff9047bec6d9?narHash=sha256-%2B4A1SFln9wOCoUZM0mQfKefP1uRVmjz6bV5SPbl1Q%2F4%3D#vector",
      "source": "nixpkg",
      "systems": {
        "x86_64-linux": {
          "outputs": [
            {
              "path": "/nix/store/1d73f5w5ssspziiyqcqy4p1bqv6i2rfx-vector-0.50.0",
              "default": true
            }
          ]
        }
      }
    }
  }
}
